
Microsoft Visual Studio Solution File, Format Version 12.00
# Visual Studio 2013
VisualStudioVersion = 12.0.21005.1
MinimumVisualStudioVersion = 10.0.40219.1
Project("{FAE04EC0-301F-11D3-BF4B-00C04F79EFBC}") = "XieHePlayer", "XieHePlayer\XieHePlayer.csproj", "{77D6EDB0-6851-43D8-B606-C6D5521E7F52}"
EndProject
Global
	GlobalSection(SolutionConfigurationPlatforms) = preSolution
		Debug|Any CPU = Debug|Any CPU
		Release|Any CPU = Release|Any CPU
	EndGlobalSection
	GlobalSection(ProjectConfigurationPlatforms) = postSolution
		{77D6EDB0-6851-43D8-B606-C6D5521E7F52}.Debug|Any CPU.ActiveCfg = Debug|Any CPU
		{77D6EDB0-6851-43D8-B606-C6D5521E7F52}.Debug|Any CPU.Build.0 = Debug|Any CPU
		{77D6EDB0-6851-43D8-B606-C6D5521E7F52}.Release|Any CPU.ActiveCfg = Release|Any CPU
		{77D6EDB0-6851-43D8-B606-C6D5521E7F52}.Release|Any CPU.Build.0 = Release|Any CPU
	EndGlobalSection
	GlobalSection(SolutionProperties) = preSolution
		HideSolutionNode = FALSE
	EndGlobalSection
EndGlobal
